
Microsoft Visual Studio Solution File, Format Version 12.00
# Visual Studio Version 17
VisualStudioVersion = 17.3.32929.385
MinimumVisualStudioVersion = 10.0.40219.1
Project("{2150E333-8FDC-42A3-9474-1A3956D46DE8}") = "Microservices", "Microservices", "{5AC3447D-88FD-4A89-B867-3B8E4C8A2929}"
EndProject
Project("{2150E333-8FDC-42A3-9474-1A3956D46DE8}") = "ProductMicroservice", "ProductMicroservice", "{D9DE9417-54DD-4BA6-B24B-78BE95F9B317}"
EndProject
Project("{2150E333-8FDC-42A3-9474-1A3956D46DE8}") = "AuthMicroservice", "AuthMicroservice", "{2959E667-F198-4768-8347-54C19B290B62}"
EndProject
Project("{9A19103F-16F7-4668-BE54-9A1E7A4F7556}") = "Gateway.API", "Gatway.API\Gateway.API.csproj", "{9D54E9E8-315D-47C1-9CDF-A17EE60764E1}"
EndProject
Project("{2150E333-8FDC-42A3-9474-1A3956D46DE8}") = "Core", "Core", "{030B2C58-135E-4B25-B010-5C2F6EFEC29C}"
EndProject
Project("{2150E333-8FDC-42A3-9474-1A3956D46DE8}") = "Host", "Host", "{734C0DF1-C787-46FA-ADA0-407F4D97D33F}"
EndProject
Project("{2150E333-8FDC-42A3-9474-1A3956D46DE8}") = "Infrastructure", "Infrastructure", "{89108CBC-E7A0-4177-BCE3-9D7371376FF1}"
EndProject
Project("{9A19103F-16F7-4668-BE54-9A1E7A4F7556}") = "Product.Infrastructure", "Product.Infrastructure\Product.Infrastructure.csproj", "{12000832-6463-4A07-A007-21D6606C3A48}"
EndProject
Project("{9A19103F-16F7-4668-BE54-9A1E7A4F7556}") = "Product.Domain", "Product.Domain\Product.Domain.csproj", "{86A20998-54A0-4175-B443-0A151C4F818C}"
EndProject
Project("{9A19103F-16F7-4668-BE54-9A1E7A4F7556}") = "Product.Application", "Product.Application\Product.Application.csproj", "{E8BEB19E-A572-4442-9D64-E0E83BAD58DE}"
EndProject
Project("{9A19103F-16F7-4668-BE54-9A1E7A4F7556}") = "Product.API", "Product.API\Product.API.csproj", "{C1F6A921-9C2F-4035-873A-514B6C975CC7}"
EndProject
Project("{2150E333-8FDC-42A3-9474-1A3956D46DE8}") = "Core", "Core", "{B283828C-1873-405F-8917-B44689559987}"
EndProject
Project("{2150E333-8FDC-42A3-9474-1A3956D46DE8}") = "Host", "Host", "{38624E2A-DA36-458B-AA96-A206412FF0EC}"
EndProject
Project("{2150E333-8FDC-42A3-9474-1A3956D46DE8}") = "Infrastructure", "Infrastructure", "{DC717077-8087-4A26-BB0F-AEEDF65CE940}"
EndProject
Project("{FAE04EC0-301F-11D3-BF4B-00C04F79EFBC}") = "Auth.Domain", "Auth.Domain\Auth.Domain.csproj", "{87A9B453-7F83-4679-AAE0-39366EF0360E}"
EndProject
Project("{FAE04EC0-301F-11D3-BF4B-00C04F79EFBC}") = "Auth.Application", "Auth.Application\Auth.Application.csproj", "{1DC1E5E1-875C-4521-8A59-D2764B063B2B}"
EndProject
Project("{FAE04EC0-301F-11D3-BF4B-00C04F79EFBC}") = "Auth.Infrastructure", "Auth.Infrastructure\Auth.Infrastructure.csproj", "{1F4E62AD-35ED-49CA-9900-80577CE86BEA}"
EndProject
Project("{FAE04EC0-301F-11D3-BF4B-00C04F79EFBC}") = "Auth.API", "Auth.API\Auth.API.csproj", "{85039FD2-4D29-4BDA-AE3D-3CEDAA50E327}"
EndProject
Project("{2150E333-8FDC-42A3-9474-1A3956D46DE8}") = "Solution Items", "Solution Items", "{B72E43E2-2A98-4467-BF8B-F1B8627FAE32}"
	ProjectSection(SolutionItems) = preProject
		.editorconfig = .editorconfig
	EndProjectSection
EndProject
Global
	GlobalSection(SolutionConfigurationPlatforms) = preSolution
		Debug|Any CPU = Debug|Any CPU
		Release|Any CPU = Release|Any CPU
	EndGlobalSection
	GlobalSection(ProjectConfigurationPlatforms) = postSolution
		{9D54E9E8-315D-47C1-9CDF-A17EE60764E1}.Debug|Any CPU.ActiveCfg = Debug|Any CPU
		{9D54E9E8-315D-47C1-9CDF-A17EE60764E1}.Debug|Any CPU.Build.0 = Debug|Any CPU
		{9D54E9E8-315D-47C1-9CDF-A17EE60764E1}.Release|Any CPU.ActiveCfg = Release|Any CPU
		{9D54E9E8-315D-47C1-9CDF-A17EE60764E1}.Release|Any CPU.Build.0 = Release|Any CPU
		{12000832-6463-4A07-A007-21D6606C3A48}.Debug|Any CPU.ActiveCfg = Debug|Any CPU
		{12000832-6463-4A07-A007-21D6606C3A48}.Debug|Any CPU.Build.0 = Debug|Any CPU
		{12000832-6463-4A07-A007-21D6606C3A48}.Release|Any CPU.ActiveCfg = Release|Any CPU
		{12000832-6463-4A07-A007-21D6606C3A48}.Release|Any CPU.Build.0 = Release|Any CPU
		{86A20998-54A0-4175-B443-0A151C4F818C}.Debug|Any CPU.ActiveCfg = Debug|Any CPU
		{86A20998-54A0-4175-B443-0A151C4F818C}.Debug|Any CPU.Build.0 = Debug|Any CPU
		{86A20998-54A0-4175-B443-0A151C4F818C}.Release|Any CPU.ActiveCfg = Release|Any CPU
		{86A20998-54A0-4175-B443-0A151C4F818C}.Release|Any CPU.Build.0 = Release|Any CPU
		{E8BEB19E-A572-4442-9D64-E0E83BAD58DE}.Debug|Any CPU.ActiveCfg = Debug|Any CPU
		{E8BEB19E-A572-4442-9D64-E0E83BAD58DE}.Debug|Any CPU.Build.0 = Debug|Any CPU
		{E8BEB19E-A572-4442-9D64-E0E83BAD58DE}.Release|Any CPU.ActiveCfg = Release|Any CPU
		{E8BEB19E-A572-4442-9D64-E0E83BAD58DE}.Release|Any CPU.Build.0 = Release|Any CPU
		{C1F6A921-9C2F-4035-873A-514B6C975CC7}.Debug|Any CPU.ActiveCfg = Debug|Any CPU
		{C1F6A921-9C2F-4035-873A-514B6C975CC7}.Debug|Any CPU.Build.0 = Debug|Any CPU
		{C1F6A921-9C2F-4035-873A-514B6C975CC7}.Release|Any CPU.ActiveCfg = Release|Any CPU
		{C1F6A921-9C2F-4035-873A-514B6C975CC7}.Release|Any CPU.Build.0 = Release|Any CPU
		{87A9B453-7F83-4679-AAE0-39366EF0360E}.Debug|Any CPU.ActiveCfg = Debug|Any CPU
		{87A9B453-7F83-4679-AAE0-39366EF0360E}.Debug|Any CPU.Build.0 = Debug|Any CPU
		{87A9B453-7F83-4679-AAE0-39366EF0360E}.Release|Any CPU.ActiveCfg = Release|Any CPU
		{87A9B453-7F83-4679-AAE0-39366EF0360E}.Release|Any CPU.Build.0 = Release|Any CPU
		{1DC1E5E1-875C-4521-8A59-D2764B063B2B}.Debug|Any CPU.ActiveCfg = Debug|Any CPU
		{1DC1E5E1-875C-4521-8A59-D2764B063B2B}.Debug|Any CPU.Build.0 = Debug|Any CPU
		{1DC1E5E1-875C-4521-8A59-D2764B063B2B}.Release|Any CPU.ActiveCfg = Release|Any CPU
		{1DC1E5E1-875C-4521-8A59-D2764B063B2B}.Release|Any CPU.Build.0 = Release|Any CPU
		{1F4E62AD-35ED-49CA-9900-80577CE86BEA}.Debug|Any CPU.ActiveCfg = Debug|Any CPU
		{1F4E62AD-35ED-49CA-9900-80577CE86BEA}.Debug|Any CPU.Build.0 = Debug|Any CPU
		{1F4E62AD-35ED-49CA-9900-80577CE86BEA}.Release|Any CPU.ActiveCfg = Release|Any CPU
		{1F4E62AD-35ED-49CA-9900-80577CE86BEA}.Release|Any CPU.Build.0 = Release|Any CPU
		{85039FD2-4D29-4BDA-AE3D-3CEDAA50E327}.Debug|Any CPU.ActiveCfg = Debug|Any CPU
		{85039FD2-4D29-4BDA-AE3D-3CEDAA50E327}.Debug|Any CPU.Build.0 = Debug|Any CPU
		{85039FD2-4D29-4BDA-AE3D-3CEDAA50E327}.Release|Any CPU.ActiveCfg = Release|Any CPU
		{85039FD2-4D29-4BDA-AE3D-3CEDAA50E327}.Release|Any CPU.Build.0 = Release|Any CPU
	EndGlobalSection
	GlobalSection(SolutionProperties) = preSolution
		HideSolutionNode = FALSE
	EndGlobalSection
	GlobalSection(NestedProjects) = preSolution
		{D9DE9417-54DD-4BA6-B24B-78BE95F9B317} = {5AC3447D-88FD-4A89-B867-3B8E4C8A2929}
		{2959E667-F198-4768-8347-54C19B290B62} = {5AC3447D-88FD-4A89-B867-3B8E4C8A2929}
		{030B2C58-135E-4B25-B010-5C2F6EFEC29C} = {D9DE9417-54DD-4BA6-B24B-78BE95F9B317}
		{734C0DF1-C787-46FA-ADA0-407F4D97D33F} = {D9DE9417-54DD-4BA6-B24B-78BE95F9B317}
		{89108CBC-E7A0-4177-BCE3-9D7371376FF1} = {D9DE9417-54DD-4BA6-B24B-78BE95F9B317}
		{12000832-6463-4A07-A007-21D6606C3A48} = {89108CBC-E7A0-4177-BCE3-9D7371376FF1}
		{86A20998-54A0-4175-B443-0A151C4F818C} = {030B2C58-135E-4B25-B010-5C2F6EFEC29C}
		{E8BEB19E-A572-4442-9D64-E0E83BAD58DE} = {030B2C58-135E-4B25-B010-5C2F6EFEC29C}
		{C1F6A921-9C2F-4035-873A-514B6C975CC7} = {734C0DF1-C787-46FA-ADA0-407F4D97D33F}
		{B283828C-1873-405F-8917-B44689559987} = {2959E667-F198-4768-8347-54C19B290B62}
		{38624E2A-DA36-458B-AA96-A206412FF0EC} = {2959E667-F198-4768-8347-54C19B290B62}
		{DC717077-8087-4A26-BB0F-AEEDF65CE940} = {2959E667-F198-4768-8347-54C19B290B62}
		{87A9B453-7F83-4679-AAE0-39366EF0360E} = {B283828C-1873-405F-8917-B44689559987}
		{1DC1E5E1-875C-4521-8A59-D2764B063B2B} = {B283828C-1873-405F-8917-B44689559987}
		{1F4E62AD-35ED-49CA-9900-80577CE86BEA} = {DC717077-8087-4A26-BB0F-AEEDF65CE940}
		{85039FD2-4D29-4BDA-AE3D-3CEDAA50E327} = {38624E2A-DA36-458B-AA96-A206412FF0EC}
	EndGlobalSection
	GlobalSection(ExtensibilityGlobals) = postSolution
		SolutionGuid = {5C11B6F2-18E0-430F-A22A-6AA1744F595A}
	EndGlobalSection
EndGlobal
